
Microsoft Visual Studio Solution File, Format Version 12.00
# Visual Studio Version 17
VisualStudioVersion = 17.0.32112.339
MinimumVisualStudioVersion = 10.0.40219.1
Project("{8BC9CEB8-8B4A-11D0-8D11-00A0C91BC942}") = "CatmullClark", "CatmullClark\CatmullClark.vcxproj", "{CFCAA367-D4FC-4AB7-9CBA-29D62AE47205}"
EndProject
Global
	GlobalSection(SolutionConfigurationPlatforms) = preSolution
		Debug|x64 = Debug|x64
		Debug|x86 = Debug|x86
		Release|x64 = Release|x64
		Release|x86 = Release|x86
	EndGlobalSection
	GlobalSection(ProjectConfigurationPlatforms) = postSolution
		{CFCAA367-D4FC-4AB7-9CBA-29D62AE47205}.Debug|x64.ActiveCfg = Debug|x64
		{CFCAA367-D4FC-4AB7-9CBA-29D62AE47205}.Debug|x64.Build.0 = Debug|x64
		{CFCAA367-D4FC-4AB7-9CBA-29D62AE47205}.Debug|x86.ActiveCfg = Debug|Win32
		{CFCAA367-D4FC-4AB7-9CBA-29D62AE47205}.Debug|x86.Build.0 = Debug|Win32
		{CFCAA367-D4FC-4AB7-9CBA-29D62AE47205}.Release|x64.ActiveCfg = Release|x64
		{CFCAA367-D4FC-4AB7-9CBA-29D62AE47205}.Release|x64.Build.0 = Release|x64
		{CFCAA367-D4FC-4AB7-9CBA-29D62AE47205}.Release|x86.ActiveCfg = Release|Win32
		{CFCAA367-D4FC-4AB7-9CBA-29D62AE47205}.Release|x86.Build.0 = Release|Win32
	EndGlobalSection
	GlobalSection(SolutionProperties) = preSolution
		HideSolutionNode = FALSE
	EndGlobalSection
	GlobalSection(ExtensibilityGlobals) = postSolution
		SolutionGuid = {216AADDA-3A04-4188-9ED7-049010504DCA}
	EndGlobalSection
EndGlobal
